
Microsoft Visual Studio Solution File, Format Version 12.00
# Visual Studio 15
VisualStudioVersion = 15.0.28307.136
MinimumVisualStudioVersion = 10.0.40219.1
Project("{FAE04EC0-301F-11D3-BF4B-00C04F79EFBC}") = "LicoreraRebajaApp.Android", "LicoreraRebajaApp\LicoreraRebajaApp.Android\LicoreraRebajaApp.Android.csproj", "{BEFD0F3D-417F-4958-93D3-F3A19A68B817}"
EndProject
Project("{FAE04EC0-301F-11D3-BF4B-00C04F79EFBC}") = "LicoreraRebajaApp.iOS", "LicoreraRebajaApp\LicoreraRebajaApp.iOS\LicoreraRebajaApp.iOS.csproj", "{F2F2A7D8-C91F-4335-915B-FECEB7DBA29F}"
EndProject
Project("{FAE04EC0-301F-11D3-BF4B-00C04F79EFBC}") = "LicoreraRebajaApp.UWP", "LicoreraRebajaApp\LicoreraRebajaApp.UWP\LicoreraRebajaApp.UWP.csproj", "{A55F1D9F-6D52-48E9-BABC-1DA763419B0C}"
EndProject
Project("{9A19103F-16F7-4668-BE54-9A1E7A4F7556}") = "LicoreraRebajaApp", "LicoreraRebajaApp\LicoreraRebajaApp\LicoreraRebajaApp.csproj", "{DE5DBC46-8962-4027-8B4C-2B29B12893DE}"
EndProject
Global
	GlobalSection(SolutionConfigurationPlatforms) = preSolution
		Ad-Hoc|Any CPU = Ad-Hoc|Any CPU
		Ad-Hoc|ARM = Ad-Hoc|ARM
		Ad-Hoc|iPhone = Ad-Hoc|iPhone
		Ad-Hoc|iPhoneSimulator = Ad-Hoc|iPhoneSimulator
		Ad-Hoc|x64 = Ad-Hoc|x64
		Ad-Hoc|x86 = Ad-Hoc|x86
		AppStore|Any CPU = AppStore|Any CPU
		AppStore|ARM = AppStore|ARM
		AppStore|iPhone = AppStore|iPhone
		AppStore|iPhoneSimulator = AppStore|iPhoneSimulator
		AppStore|x64 = AppStore|x64
		AppStore|x86 = AppStore|x86
		Debug|Any CPU = Debug|Any CPU
		Debug|ARM = Debug|ARM
		Debug|iPhone = Debug|iPhone
		Debug|iPhoneSimulator = Debug|iPhoneSimulator
		Debug|x64 = Debug|x64
		Debug|x86 = Debug|x86
		Release|Any CPU = Release|Any CPU
		Release|ARM = Release|ARM
		Release|iPhone = Release|iPhone
		Release|iPhoneSimulator = Release|iPhoneSimulator
		Release|x64 = Release|x64
		Release|x86 = Release|x86
	EndGlobalSection
	GlobalSection(ProjectConfigurationPlatforms) = postSolution
		{BEFD0F3D-417F-4958-93D3-F3A19A68B817}.Ad-Hoc|Any CPU.ActiveCfg = Release|Any CPU
		{BEFD0F3D-417F-4958-93D3-F3A19A68B817}.Ad-Hoc|Any CPU.Build.0 = Release|Any CPU
		{BEFD0F3D-417F-4958-93D3-F3A19A68B817}.Ad-Hoc|Any CPU.Deploy.0 = Release|Any CPU
		{BEFD0F3D-417F-4958-93D3-F3A19A68B817}.Ad-Hoc|ARM.ActiveCfg = Release|Any CPU
		{BEFD0F3D-417F-4958-93D3-F3A19A68B817}.Ad-Hoc|ARM.Build.0 = Release|Any CPU
		{BEFD0F3D-417F-4958-93D3-F3A19A68B817}.Ad-Hoc|ARM.Deploy.0 = Release|Any CPU
		{BEFD0F3D-417F-4958-93D3-F3A19A68B817}.Ad-Hoc|iPhone.ActiveCfg = Release|Any CPU
		{BEFD0F3D-417F-4958-93D3-F3A19A68B817}.Ad-Hoc|iPhone.Build.0 = Release|Any CPU
		{BEFD0F3D-417F-4958-93D3-F3A19A68B817}.Ad-Hoc|iPhone.Deploy.0 = Release|Any CPU
		{BEFD0F3D-417F-4958-93D3-F3A19A68B817}.Ad-Hoc|iPhoneSimulator.ActiveCfg = Release|Any CPU
		{BEFD0F3D-417F-4958-93D3-F3A19A68B817}.Ad-Hoc|iPhoneSimulator.Build.0 = Release|Any CPU
		{BEFD0F3D-417F-4958-93D3-F3A19A68B817}.Ad-Hoc|iPhoneSimulator.Deploy.0 = Release|Any CPU
		{BEFD0F3D-417F-4958-93D3-F3A19A68B817}.Ad-Hoc|x64.ActiveCfg = Release|Any CPU
		{BEFD0F3D-417F-4958-93D3-F3A19A68B817}.Ad-Hoc|x64.Build.0 = Release|Any CPU
		{BEFD0F3D-417F-4958-93D3-F3A19A68B817}.Ad-Hoc|x64.Deploy.0 = Release|Any CPU
		{BEFD0F3D-417F-4958-93D3-F3A19A68B817}.Ad-Hoc|x86.ActiveCfg = Release|Any CPU
		{BEFD0F3D-417F-4958-93D3-F3A19A68B817}.Ad-Hoc|x86.Build.0 = Release|Any CPU
		{BEFD0F3D-417F-4958-93D3-F3A19A68B817}.Ad-Hoc|x86.Deploy.0 = Release|Any CPU
		{BEFD0F3D-417F-4958-93D3-F3A19A68B817}.AppStore|Any CPU.ActiveCfg = Release|Any CPU
		{BEFD0F3D-417F-4958-93D3-F3A19A68B817}.AppStore|Any CPU.Build.0 = Release|Any CPU
		{BEFD0F3D-417F-4958-93D3-F3A19A68B817}.AppStore|Any CPU.Deploy.0 = Release|Any CPU
		{BEFD0F3D-417F-4958-93D3-F3A19A68B817}.AppStore|ARM.ActiveCfg = Release|Any CPU
		{BEFD0F3D-417F-4958-93D3-F3A19A68B817}.AppStore|ARM.Build.0 = Release|Any CPU
		{BEFD0F3D-417F-4958-93D3-F3A19A68B817}.AppStore|ARM.Deploy.0 = Release|Any CPU
		{BEFD0F3D-417F-4958-93D3-F3A19A68B817}.AppStore|iPhone.ActiveCfg = Release|Any CPU
		{BEFD0F3D-417F-4958-93D3-F3A19A68B817}.AppStore|iPhone.Build.0 = Release|Any CPU
		{BEFD0F3D-417F-4958-93D3-F3A19A68B817}.AppStore|iPhone.Deploy.0 = Release|Any CPU
		{BEFD0F3D-417F-4958-93D3-F3A19A68B817}.AppStore|iPhoneSimulator.ActiveCfg = Release|Any CPU
		{BEFD0F3D-417F-4958-93D3-F3A19A68B817}.AppStore|iPhoneSimulator.Build.0 = Release|Any CPU
		{BEFD0F3D-417F-4958-93D3-F3A19A68B817}.AppStore|iPhoneSimulator.Deploy.0 = Release|Any CPU
		{BEFD0F3D-417F-4958-93D3-F3A19A68B817}.AppStore|x64.ActiveCfg = Release|Any CPU
		{BEFD0F3D-417F-4958-93D3-F3A19A68B817}.AppStore|x64.Build.0 = Release|Any CPU
		{BEFD0F3D-417F-4958-93D3-F3A19A68B817}.AppStore|x64.Deploy.0 = Release|Any CPU
		{BEFD0F3D-417F-4958-93D3-F3A19A68B817}.AppStore|x86.ActiveCfg = Release|Any CPU
		{BEFD0F3D-417F-4958-93D3-F3A19A68B817}.AppStore|x86.Build.0 = Release|Any CPU
		{BEFD0F3D-417F-4958-93D3-F3A19A68B817}.AppStore|x86.Deploy.0 = Release|Any CPU
		{BEFD0F3D-417F-4958-93D3-F3A19A68B817}.Debug|Any CPU.ActiveCfg = Debug|Any CPU
		{BEFD0F3D-417F-4958-93D3-F3A19A68B817}.Debug|Any CPU.Build.0 = Debug|Any CPU
		{BEFD0F3D-417F-4958-93D3-F3A19A68B817}.Debug|Any CPU.Deploy.0 = Debug|Any CPU
		{BEFD0F3D-417F-4958-93D3-F3A19A68B817}.Debug|ARM.ActiveCfg = Debug|Any CPU
		{BEFD0F3D-417F-4958-93D3-F3A19A68B817}.Debug|ARM.Build.0 = Debug|Any CPU
		{BEFD0F3D-417F-4958-93D3-F3A19A68B817}.Debug|ARM.Deploy.0 = Debug|Any CPU
		{BEFD0F3D-417F-4958-93D3-F3A19A68B817}.Debug|iPhone.ActiveCfg = Debug|Any CPU
		{BEFD0F3D-417F-4958-93D3-F3A19A68B817}.Debug|iPhone.Build.0 = Debug|Any CPU
		{BEFD0F3D-417F-4958-93D3-F3A19A68B817}.Debug|iPhone.Deploy.0 = Debug|Any CPU
		{BEFD0F3D-417F-4958-93D3-F3A19A68B817}.Debug|iPhoneSimulator.ActiveCfg = Debug|Any CPU
		{BEFD0F3D-417F-4958-93D3-F3A19A68B817}.Debug|iPhoneSimulator.Build.0 = Debug|Any CPU
		{BEFD0F3D-417F-4958-93D3-F3A19A68B817}.Debug|iPhoneSimulator.Deploy.0 = Debug|Any CPU
		{BEFD0F3D-417F-4958-93D3-F3A19A68B817}.Debug|x64.ActiveCfg = Debug|Any CPU
		{BEFD0F3D-417F-4958-93D3-F3A19A68B817}.Debug|x64.Build.0 = Debug|Any CPU
		{BEFD0F3D-417F-4958-93D3-F3A19A68B817}.Debug|x64.Deploy.0 = Debug|Any CPU
		{BEFD0F3D-417F-4958-93D3-F3A19A68B817}.Debug|x86.ActiveCfg = Debug|Any CPU
		{BEFD0F3D-417F-4958-93D3-F3A19A68B817}.Debug|x86.Build.0 = Debug|Any CPU
		{BEFD0F3D-417F-4958-93D3-F3A19A68B817}.Debug|x86.Deploy.0 = Debug|Any CPU
		{BEFD0F3D-417F-4958-93D3-F3A19A68B817}.Release|Any CPU.ActiveCfg = Release|Any CPU
		{BEFD0F3D-417F-4958-93D3-F3A19A68B817}.Release|Any CPU.Build.0 = Release|Any CPU
		{BEFD0F3D-417F-4958-93D3-F3A19A68B817}.Release|Any CPU.Deploy.0 = Release|Any CPU
		{BEFD0F3D-417F-4958-93D3-F3A19A68B817}.Release|ARM.ActiveCfg = Release|Any CPU
		{BEFD0F3D-417F-4958-93D3-F3A19A68B817}.Release|ARM.Build.0 = Release|Any CPU
		{BEFD0F3D-417F-4958-93D3-F3A19A68B817}.Release|ARM.Deploy.0 = Release|Any CPU
		{BEFD0F3D-417F-4958-93D3-F3A19A68B817}.Release|iPhone.ActiveCfg = Release|Any CPU
		{BEFD0F3D-417F-4958-93D3-F3A19A68B817}.Release|iPhone.Build.0 = Release|Any CPU
		{BEFD0F3D-417F-4958-93D3-F3A19A68B817}.Release|iPhone.Deploy.0 = Release|Any CPU
		{BEFD0F3D-417F-4958-93D3-F3A19A68B817}.Release|iPhoneSimulator.ActiveCfg = Release|Any CPU
		{BEFD0F3D-417F-4958-93D3-F3A19A68B817}.Release|iPhoneSimulator.Build.0 = Release|Any CPU
		{BEFD0F3D-417F-4958-93D3-F3A19A68B817}.Release|iPhoneSimulator.Deploy.0 = Release|Any CPU
		{BEFD0F3D-417F-4958-93D3-F3A19A68B817}.Release|x64.ActiveCfg = Release|Any CPU
		{BEFD0F3D-417F-4958-93D3-F3A19A68B817}.Release|x64.Build.0 = Release|Any CPU
		{BEFD0F3D-417F-4958-93D3-F3A19A68B817}.Release|x64.Deploy.0 = Release|Any CPU
		{BEFD0F3D-417F-4958-93D3-F3A19A68B817}.Release|x86.ActiveCfg = Release|Any CPU
		{BEFD0F3D-417F-4958-93D3-F3A19A68B817}.Release|x86.Build.0 = Release|Any CPU
		{BEFD0F3D-417F-4958-93D3-F3A19A68B817}.Release|x86.Deploy.0 = Release|Any CPU
		{F2F2A7D8-C91F-4335-915B-FECEB7DBA29F}.Ad-Hoc|Any CPU.ActiveCfg = Ad-Hoc|iPhone
		{F2F2A7D8-C91F-4335-915B-FECEB7DBA29F}.Ad-Hoc|Any CPU.Build.0 = Ad-Hoc|iPhone
		{F2F2A7D8-C91F-4335-915B-FECEB7DBA29F}.Ad-Hoc|Any CPU.Deploy.0 = Ad-Hoc|iPhone
		{F2F2A7D8-C91F-4335-915B-FECEB7DBA29F}.Ad-Hoc|ARM.ActiveCfg = Ad-Hoc|iPhone
		{F2F2A7D8-C91F-4335-915B-FECEB7DBA29F}.Ad-Hoc|ARM.Build.0 = Ad-Hoc|iPhone
		{F2F2A7D8-C91F-4335-915B-FECEB7DBA29F}.Ad-Hoc|ARM.Deploy.0 = Ad-Hoc|iPhone
		{F2F2A7D8-C91F-4335-915B-FECEB7DBA29F}.Ad-Hoc|iPhone.ActiveCfg = Ad-Hoc|iPhone
		{F2F2A7D8-C91F-4335-915B-FECEB7DBA29F}.Ad-Hoc|iPhone.Build.0 = Ad-Hoc|iPhone
		{F2F2A7D8-C91F-4335-915B-FECEB7DBA29F}.Ad-Hoc|iPhone.Deploy.0 = Ad-Hoc|iPhone
		{F2F2A7D8-C91F-4335-915B-FECEB7DBA29F}.Ad-Hoc|iPhoneSimulator.ActiveCfg = Ad-Hoc|iPhoneSimulator
		{F2F2A7D8-C91F-4335-915B-FECEB7DBA29F}.Ad-Hoc|iPhoneSimulator.Build.0 = Ad-Hoc|iPhoneSimulator
		{F2F2A7D8-C91F-4335-915B-FECEB7DBA29F}.Ad-Hoc|iPhoneSimulator.Deploy.0 = Ad-Hoc|iPhoneSimulator
		{F2F2A7D8-C91F-4335-915B-FECEB7DBA29F}.Ad-Hoc|x64.ActiveCfg = Ad-Hoc|iPhone
		{F2F2A7D8-C91F-4335-915B-FECEB7DBA29F}.Ad-Hoc|x64.Build.0 = Ad-Hoc|iPhone
		{F2F2A7D8-C91F-4335-915B-FECEB7DBA29F}.Ad-Hoc|x64.Deploy.0 = Ad-Hoc|iPhone
		{F2F2A7D8-C91F-4335-915B-FECEB7DBA29F}.Ad-Hoc|x86.ActiveCfg = Ad-Hoc|iPhone
		{F2F2A7D8-C91F-4335-915B-FECEB7DBA29F}.Ad-Hoc|x86.Build.0 = Ad-Hoc|iPhone
		{F2F2A7D8-C91F-4335-915B-FECEB7DBA29F}.Ad-Hoc|x86.Deploy.0 = Ad-Hoc|iPhone
		{F2F2A7D8-C91F-4335-915B-FECEB7DBA29F}.AppStore|Any CPU.ActiveCfg = AppStore|iPhone
		{F2F2A7D8-C91F-4335-915B-FECEB7DBA29F}.AppStore|Any CPU.Build.0 = AppStore|iPhone
		{F2F2A7D8-C91F-4335-915B-FECEB7DBA29F}.AppStore|Any CPU.Deploy.0 = AppStore|iPhone
		{F2F2A7D8-C91F-4335-915B-FECEB7DBA29F}.AppStore|ARM.ActiveCfg = AppStore|iPhone
		{F2F2A7D8-C91F-4335-915B-FECEB7DBA29F}.AppStore|ARM.Build.0 = AppStore|iPhone
		{F2F2A7D8-C91F-4335-915B-FECEB7DBA29F}.AppStore|ARM.Deploy.0 = AppStore|iPhone
		{F2F2A7D8-C91F-4335-915B-FECEB7DBA29F}.AppStore|iPhone.ActiveCfg = AppStore|iPhone
		{F2F2A7D8-C91F-4335-915B-FECEB7DBA29F}.AppStore|iPhone.Build.0 = AppStore|iPhone
		{F2F2A7D8-C91F-4335-915B-FECEB7DBA29F}.AppStore|iPhone.Deploy.0 = AppStore|iPhone
		{F2F2A7D8-C91F-4335-915B-FECEB7DBA29F}.AppStore|iPhoneSimulator.ActiveCfg = AppStore|iPhoneSimulator
		{F2F2A7D8-C91F-4335-915B-FECEB7DBA29F}.AppStore|iPhoneSimulator.Build.0 = AppStore|iPhoneSimulator
		{F2F2A7D8-C91F-4335-915B-FECEB7DBA29F}.AppStore|iPhoneSimulator.Deploy.0 = AppStore|iPhoneSimulator
		{F2F2A7D8-C91F-4335-915B-FECEB7DBA29F}.AppStore|x64.ActiveCfg = AppStore|iPhone
		{F2F2A7D8-C91F-4335-915B-FECEB7DBA29F}.AppStore|x64.Build.0 = AppStore|iPhone
		{F2F2A7D8-C91F-4335-915B-FECEB7DBA29F}.AppStore|x64.Deploy.0 = AppStore|iPhone
		{F2F2A7D8-C91F-4335-915B-FECEB7DBA29F}.AppStore|x86.ActiveCfg = AppStore|iPhone
		{F2F2A7D8-C91F-4335-915B-FECEB7DBA29F}.AppStore|x86.Build.0 = AppStore|iPhone
		{F2F2A7D8-C91F-4335-915B-FECEB7DBA29F}.AppStore|x86.Deploy.0 = AppStore|iPhone
		{F2F2A7D8-C91F-4335-915B-FECEB7DBA29F}.Debug|Any CPU.ActiveCfg = Debug|iPhoneSimulator
		{F2F2A7D8-C91F-4335-915B-FECEB7DBA29F}.Debug|Any CPU.Build.0 = Debug|iPhoneSimulator
		{F2F2A7D8-C91F-4335-915B-FECEB7DBA29F}.Debug|Any CPU.Deploy.0 = Debug|iPhoneSimulator
		{F2F2A7D8-C91F-4335-915B-FECEB7DBA29F}.Debug|ARM.ActiveCfg = Debug|iPhone
		{F2F2A7D8-C91F-4335-915B-FECEB7DBA29F}.Debug|ARM.Build.0 = Debug|iPhone
		{F2F2A7D8-C91F-4335-915B-FECEB7DBA29F}.Debug|ARM.Deploy.0 = Debug|iPhone
		{F2F2A7D8-C91F-4335-915B-FECEB7DBA29F}.Debug|iPhone.ActiveCfg = Debug|iPhone
		{F2F2A7D8-C91F-4335-915B-FECEB7DBA29F}.Debug|iPhone.Build.0 = Debug|iPhone
		{F2F2A7D8-C91F-4335-915B-FECEB7DBA29F}.Debug|iPhone.Deploy.0 = Debug|iPhone
		{F2F2A7D8-C91F-4335-915B-FECEB7DBA29F}.Debug|iPhoneSimulator.ActiveCfg = Debug|iPhoneSimulator
		{F2F2A7D8-C91F-4335-915B-FECEB7DBA29F}.Debug|iPhoneSimulator.Build.0 = Debug|iPhoneSimulator
		{F2F2A7D8-C91F-4335-915B-FECEB7DBA29F}.Debug|iPhoneSimulator.Deploy.0 = Debug|iPhoneSimulator
		{F2F2A7D8-C91F-4335-915B-FECEB7DBA29F}.Debug|x64.ActiveCfg = Debug|iPhone
		{F2F2A7D8-C91F-4335-915B-FECEB7DBA29F}.Debug|x64.Build.0 = Debug|iPhone
		{F2F2A7D8-C91F-4335-915B-FECEB7DBA29F}.Debug|x64.Deploy.0 = Debug|iPhone
		{F2F2A7D8-C91F-4335-915B-FECEB7DBA29F}.Debug|x86.ActiveCfg = Debug|iPhone
		{F2F2A7D8-C91F-4335-915B-FECEB7DBA29F}.Debug|x86.Build.0 = Debug|iPhone
		{F2F2A7D8-C91F-4335-915B-FECEB7DBA29F}.Debug|x86.Deploy.0 = Debug|iPhone
		{F2F2A7D8-C91F-4335-915B-FECEB7DBA29F}.Release|Any CPU.ActiveCfg = Release|iPhone
		{F2F2A7D8-C91F-4335-915B-FECEB7DBA29F}.Release|Any CPU.Build.0 = Release|iPhone
		{F2F2A7D8-C91F-4335-915B-FECEB7DBA29F}.Release|Any CPU.Deploy.0 = Release|iPhone
		{F2F2A7D8-C91F-4335-915B-FECEB7DBA29F}.Release|ARM.ActiveCfg = Release|iPhone
		{F2F2A7D8-C91F-4335-915B-FECEB7DBA29F}.Release|ARM.Build.0 = Release|iPhone
		{F2F2A7D8-C91F-4335-915B-FECEB7DBA29F}.Release|ARM.Deploy.0 = Release|iPhone
		{F2F2A7D8-C91F-4335-915B-FECEB7DBA29F}.Release|iPhone.ActiveCfg = Release|iPhone
		{F2F2A7D8-C91F-4335-915B-FECEB7DBA29F}.Release|iPhone.Build.0 = Release|iPhone
		{F2F2A7D8-C91F-4335-915B-FECEB7DBA29F}.Release|iPhone.Deploy.0 = Release|iPhone
		{F2F2A7D8-C91F-4335-915B-FECEB7DBA29F}.Release|iPhoneSimulator.ActiveCfg = Release|iPhoneSimulator
		{F2F2A7D8-C91F-4335-915B-FECEB7DBA29F}.Release|iPhoneSimulator.Build.0 = Release|iPhoneSimulator
		{F2F2A7D8-C91F-4335-915B-FECEB7DBA29F}.Release|iPhoneSimulator.Deploy.0 = Release|iPhoneSimulator
		{F2F2A7D8-C91F-4335-915B-FECEB7DBA29F}.Release|x64.ActiveCfg = Release|iPhone
		{F2F2A7D8-C91F-4335-915B-FECEB7DBA29F}.Release|x64.Build.0 = Release|iPhone
		{F2F2A7D8-C91F-4335-915B-FECEB7DBA29F}.Release|x64.Deploy.0 = Release|iPhone
		{F2F2A7D8-C91F-4335-915B-FECEB7DBA29F}.Release|x86.ActiveCfg = Release|iPhone
		{F2F2A7D8-C91F-4335-915B-FECEB7DBA29F}.Release|x86.Build.0 = Release|iPhone
		{F2F2A7D8-C91F-4335-915B-FECEB7DBA29F}.Release|x86.Deploy.0 = Release|iPhone
		{A55F1D9F-6D52-48E9-BABC-1DA763419B0C}.Ad-Hoc|Any CPU.ActiveCfg = Release|x86
		{A55F1D9F-6D52-48E9-BABC-1DA763419B0C}.Ad-Hoc|Any CPU.Build.0 = Release|x86
		{A55F1D9F-6D52-48E9-BABC-1DA763419B0C}.Ad-Hoc|Any CPU.Deploy.0 = Release|x86
		{A55F1D9F-6D52-48E9-BABC-1DA763419B0C}.Ad-Hoc|ARM.ActiveCfg = Release|ARM
		{A55F1D9F-6D52-48E9-BABC-1DA763419B0C}.Ad-Hoc|ARM.Build.0 = Release|ARM
		{A55F1D9F-6D52-48E9-BABC-1DA763419B0C}.Ad-Hoc|ARM.Deploy.0 = Release|ARM
		{A55F1D9F-6D52-48E9-BABC-1DA763419B0C}.Ad-Hoc|iPhone.ActiveCfg = Release|x86
		{A55F1D9F-6D52-48E9-BABC-1DA763419B0C}.Ad-Hoc|iPhone.Build.0 = Release|x86
		{A55F1D9F-6D52-48E9-BABC-1DA763419B0C}.Ad-Hoc|iPhone.Deploy.0 = Release|x86
		{A55F1D9F-6D52-48E9-BABC-1DA763419B0C}.Ad-Hoc|iPhoneSimulator.ActiveCfg = Release|x86
		{A55F1D9F-6D52-48E9-BABC-1DA763419B0C}.Ad-Hoc|iPhoneSimulator.Build.0 = Release|x86
		{A55F1D9F-6D52-48E9-BABC-1DA763419B0C}.Ad-Hoc|iPhoneSimulator.Deploy.0 = Release|x86
		{A55F1D9F-6D52-48E9-BABC-1DA763419B0C}.Ad-Hoc|x64.ActiveCfg = Release|x64
		{A55F1D9F-6D52-48E9-BABC-1DA763419B0C}.Ad-Hoc|x64.Build.0 = Release|x64
		{A55F1D9F-6D52-48E9-BABC-1DA763419B0C}.Ad-Hoc|x64.Deploy.0 = Release|x64
		{A55F1D9F-6D52-48E9-BABC-1DA763419B0C}.Ad-Hoc|x86.ActiveCfg = Release|x86
		{A55F1D9F-6D52-48E9-BABC-1DA763419B0C}.Ad-Hoc|x86.Build.0 = Release|x86
		{A55F1D9F-6D52-48E9-BABC-1DA763419B0C}.Ad-Hoc|x86.Deploy.0 = Release|x86
		{A55F1D9F-6D52-48E9-BABC-1DA763419B0C}.AppStore|Any CPU.ActiveCfg = Release|x86
		{A55F1D9F-6D52-48E9-BABC-1DA763419B0C}.AppStore|Any CPU.Build.0 = Release|x86
		{A55F1D9F-6D52-48E9-BABC-1DA763419B0C}.AppStore|Any CPU.Deploy.0 = Release|x86
		{A55F1D9F-6D52-48E9-BABC-1DA763419B0C}.AppStore|ARM.ActiveCfg = Release|ARM
		{A55F1D9F-6D52-48E9-BABC-1DA763419B0C}.AppStore|ARM.Build.0 = Release|ARM
		{A55F1D9F-6D52-48E9-BABC-1DA763419B0C}.AppStore|ARM.Deploy.0 = Release|ARM
		{A55F1D9F-6D52-48E9-BABC-1DA763419B0C}.AppStore|iPhone.ActiveCfg = Release|x86
		{A55F1D9F-6D52-48E9-BABC-1DA763419B0C}.AppStore|iPhone.Build.0 = Release|x86
		{A55F1D9F-6D52-48E9-BABC-1DA763419B0C}.AppStore|iPhone.Deploy.0 = Release|x86
		{A55F1D9F-6D52-48E9-BABC-1DA763419B0C}.AppStore|iPhoneSimulator.ActiveCfg = Release|x86
		{A55F1D9F-6D52-48E9-BABC-1DA763419B0C}.AppStore|iPhoneSimulator.Build.0 = Release|x86
		{A55F1D9F-6D52-48E9-BABC-1DA763419B0C}.AppStore|iPhoneSimulator.Deploy.0 = Release|x86
		{A55F1D9F-6D52-48E9-BABC-1DA763419B0C}.AppStore|x64.ActiveCfg = Release|x64
		{A55F1D9F-6D52-48E9-BABC-1DA763419B0C}.AppStore|x64.Build.0 = Release|x64
		{A55F1D9F-6D52-48E9-BABC-1DA763419B0C}.AppStore|x64.Deploy.0 = Release|x64
		{A55F1D9F-6D52-48E9-BABC-1DA763419B0C}.AppStore|x86.ActiveCfg = Release|x86
		{A55F1D9F-6D52-48E9-BABC-1DA763419B0C}.AppStore|x86.Build.0 = Release|x86
		{A55F1D9F-6D52-48E9-BABC-1DA763419B0C}.AppStore|x86.Deploy.0 = Release|x86
		{A55F1D9F-6D52-48E9-BABC-1DA763419B0C}.Debug|Any CPU.ActiveCfg = Debug|x86
		{A55F1D9F-6D52-48E9-BABC-1DA763419B0C}.Debug|Any CPU.Build.0 = Debug|x86
		{A55F1D9F-6D52-48E9-BABC-1DA763419B0C}.Debug|Any CPU.Deploy.0 = Debug|x86
		{A55F1D9F-6D52-48E9-BABC-1DA763419B0C}.Debug|ARM.ActiveCfg = Debug|ARM
		{A55F1D9F-6D52-48E9-BABC-1DA763419B0C}.Debug|ARM.Build.0 = Debug|ARM
		{A55F1D9F-6D52-48E9-BABC-1DA763419B0C}.Debug|ARM.Deploy.0 = Debug|ARM
		{A55F1D9F-6D52-48E9-BABC-1DA763419B0C}.Debug|iPhone.ActiveCfg = Debug|x86
		{A55F1D9F-6D52-48E9-BABC-1DA763419B0C}.Debug|iPhone.Build.0 = Debug|x86
		{A55F1D9F-6D52-48E9-BABC-1DA763419B0C}.Debug|iPhone.Deploy.0 = Debug|x86
		{A55F1D9F-6D52-48E9-BABC-1DA763419B0C}.Debug|iPhoneSimulator.ActiveCfg = Debug|x86
		{A55F1D9F-6D52-48E9-BABC-1DA763419B0C}.Debug|iPhoneSimulator.Build.0 = Debug|x86
		{A55F1D9F-6D52-48E9-BABC-1DA763419B0C}.Debug|iPhoneSimulator.Deploy.0 = Debug|x86
		{A55F1D9F-6D52-48E9-BABC-1DA763419B0C}.Debug|x64.ActiveCfg = Debug|x64
		{A55F1D9F-6D52-48E9-BABC-1DA763419B0C}.Debug|x64.Build.0 = Debug|x64
		{A55F1D9F-6D52-48E9-BABC-1DA763419B0C}.Debug|x64.Deploy.0 = Debug|x64
		{A55F1D9F-6D52-48E9-BABC-1DA763419B0C}.Debug|x86.ActiveCfg = Debug|x86
		{A55F1D9F-6D52-48E9-BABC-1DA763419B0C}.Debug|x86.Build.0 = Debug|x86
		{A55F1D9F-6D52-48E9-BABC-1DA763419B0C}.Debug|x86.Deploy.0 = Debug|x86
		{A55F1D9F-6D52-48E9-BABC-1DA763419B0C}.Release|Any CPU.ActiveCfg = Release|x86
		{A55F1D9F-6D52-48E9-BABC-1DA763419B0C}.Release|Any CPU.Build.0 = Release|x86
		{A55F1D9F-6D52-48E9-BABC-1DA763419B0C}.Release|Any CPU.Deploy.0 = Release|x86
		{A55F1D9F-6D52-48E9-BABC-1DA763419B0C}.Release|ARM.ActiveCfg = Release|ARM
		{A55F1D9F-6D52-48E9-BABC-1DA763419B0C}.Release|ARM.Build.0 = Release|ARM
		{A55F1D9F-6D52-48E9-BABC-1DA763419B0C}.Release|ARM.Deploy.0 = Release|ARM
		{A55F1D9F-6D52-48E9-BABC-1DA763419B0C}.Release|iPhone.ActiveCfg = Release|x86
		{A55F1D9F-6D52-48E9-BABC-1DA763419B0C}.Release|iPhone.Build.0 = Release|x86
		{A55F1D9F-6D52-48E9-BABC-1DA763419B0C}.Release|iPhone.Deploy.0 = Release|x86
		{A55F1D9F-6D52-48E9-BABC-1DA763419B0C}.Release|iPhoneSimulator.ActiveCfg = Release|x86
		{A55F1D9F-6D52-48E9-BABC-1DA763419B0C}.Release|iPhoneSimulator.Build.0 = Release|x86
		{A55F1D9F-6D52-48E9-BABC-1DA763419B0C}.Release|iPhoneSimulator.Deploy.0 = Release|x86
		{A55F1D9F-6D52-48E9-BABC-1DA763419B0C}.Release|x64.ActiveCfg = Release|x64
		{A55F1D9F-6D52-48E9-BABC-1DA763419B0C}.Release|x64.Build.0 = Release|x64
		{A55F1D9F-6D52-48E9-BABC-1DA763419B0C}.Release|x64.Deploy.0 = Release|x64
		{A55F1D9F-6D52-48E9-BABC-1DA763419B0C}.Release|x86.ActiveCfg = Release|x86
		{A55F1D9F-6D52-48E9-BABC-1DA763419B0C}.Release|x86.Build.0 = Release|x86
		{A55F1D9F-6D52-48E9-BABC-1DA763419B0C}.Release|x86.Deploy.0 = Release|x86
		{DE5DBC46-8962-4027-8B4C-2B29B12893DE}.Ad-Hoc|Any CPU.ActiveCfg = Debug|Any CPU
		{DE5DBC46-8962-4027-8B4C-2B29B12893DE}.Ad-Hoc|Any CPU.Build.0 = Debug|Any CPU
		{DE5DBC46-8962-4027-8B4C-2B29B12893DE}.Ad-Hoc|Any CPU.Deploy.0 = Debug|Any CPU
		{DE5DBC46-8962-4027-8B4C-2B29B12893DE}.Ad-Hoc|ARM.ActiveCfg = Debug|Any CPU
		{DE5DBC46-8962-4027-8B4C-2B29B12893DE}.Ad-Hoc|ARM.Build.0 = Debug|Any CPU
		{DE5DBC46-8962-4027-8B4C-2B29B12893DE}.Ad-Hoc|ARM.Deploy.0 = Debug|Any CPU
		{DE5DBC46-8962-4027-8B4C-2B29B12893DE}.Ad-Hoc|iPhone.ActiveCfg = Debug|Any CPU
		{DE5DBC46-8962-4027-8B4C-2B29B12893DE}.Ad-Hoc|iPhone.Build.0 = Debug|Any CPU
		{DE5DBC46-8962-4027-8B4C-2B29B12893DE}.Ad-Hoc|iPhone.Deploy.0 = Debug|Any CPU
		{DE5DBC46-8962-4027-8B4C-2B29B12893DE}.Ad-Hoc|iPhoneSimulator.ActiveCfg = Debug|Any CPU
		{DE5DBC46-8962-4027-8B4C-2B29B12893DE}.Ad-Hoc|iPhoneSimulator.Build.0 = Debug|Any CPU
		{DE5DBC46-8962-4027-8B4C-2B29B12893DE}.Ad-Hoc|iPhoneSimulator.Deploy.0 = Debug|Any CPU
		{DE5DBC46-8962-4027-8B4C-2B29B12893DE}.Ad-Hoc|x64.ActiveCfg = Debug|Any CPU
		{DE5DBC46-8962-4027-8B4C-2B29B12893DE}.Ad-Hoc|x64.Build.0 = Debug|Any CPU
		{DE5DBC46-8962-4027-8B4C-2B29B12893DE}.Ad-Hoc|x64.Deploy.0 = Debug|Any CPU
		{DE5DBC46-8962-4027-8B4C-2B29B12893DE}.Ad-Hoc|x86.ActiveCfg = Debug|Any CPU
		{DE5DBC46-8962-4027-8B4C-2B29B12893DE}.Ad-Hoc|x86.Build.0 = Debug|Any CPU
		{DE5DBC46-8962-4027-8B4C-2B29B12893DE}.Ad-Hoc|x86.Deploy.0 = Debug|Any CPU
		{DE5DBC46-8962-4027-8B4C-2B29B12893DE}.AppStore|Any CPU.ActiveCfg = Debug|Any CPU
		{DE5DBC46-8962-4027-8B4C-2B29B12893DE}.AppStore|Any CPU.Build.0 = Debug|Any CPU
		{DE5DBC46-8962-4027-8B4C-2B29B12893DE}.AppStore|Any CPU.Deploy.0 = Debug|Any CPU
		{DE5DBC46-8962-4027-8B4C-2B29B12893DE}.AppStore|ARM.ActiveCfg = Debug|Any CPU
		{DE5DBC46-8962-4027-8B4C-2B29B12893DE}.AppStore|ARM.Build.0 = Debug|Any CPU
		{DE5DBC46-8962-4027-8B4C-2B29B12893DE}.AppStore|ARM.Deploy.0 = Debug|Any CPU
		{DE5DBC46-8962-4027-8B4C-2B29B12893DE}.AppStore|iPhone.ActiveCfg = Debug|Any CPU
		{DE5DBC46-8962-4027-8B4C-2B29B12893DE}.AppStore|iPhone.Build.0 = Debug|Any CPU
		{DE5DBC46-8962-4027-8B4C-2B29B12893DE}.AppStore|iPhone.Deploy.0 = Debug|Any CPU
		{DE5DBC46-8962-4027-8B4C-2B29B12893DE}.AppStore|iPhoneSimulator.ActiveCfg = Debug|Any CPU
		{DE5DBC46-8962-4027-8B4C-2B29B12893DE}.AppStore|iPhoneSimulator.Build.0 = Debug|Any CPU
		{DE5DBC46-8962-4027-8B4C-2B29B12893DE}.AppStore|iPhoneSimulator.Deploy.0 = Debug|Any CPU
		{DE5DBC46-8962-4027-8B4C-2B29B12893DE}.AppStore|x64.ActiveCfg = Debug|Any CPU
		{DE5DBC46-8962-4027-8B4C-2B29B12893DE}.AppStore|x64.Build.0 = Debug|Any CPU
		{DE5DBC46-8962-4027-8B4C-2B29B12893DE}.AppStore|x64.Deploy.0 = Debug|Any CPU
		{DE5DBC46-8962-4027-8B4C-2B29B12893DE}.AppStore|x86.ActiveCfg = Debug|Any CPU
		{DE5DBC46-8962-4027-8B4C-2B29B12893DE}.AppStore|x86.Build.0 = Debug|Any CPU
		{DE5DBC46-8962-4027-8B4C-2B29B12893DE}.AppStore|x86.Deploy.0 = Debug|Any CPU
		{DE5DBC46-8962-4027-8B4C-2B29B12893DE}.Debug|Any CPU.ActiveCfg = Debug|Any CPU
		{DE5DBC46-8962-4027-8B4C-2B29B12893DE}.Debug|Any CPU.Build.0 = Debug|Any CPU
		{DE5DBC46-8962-4027-8B4C-2B29B12893DE}.Debug|Any CPU.Deploy.0 = Debug|Any CPU
		{DE5DBC46-8962-4027-8B4C-2B29B12893DE}.Debug|ARM.ActiveCfg = Debug|Any CPU
		{DE5DBC46-8962-4027-8B4C-2B29B12893DE}.Debug|ARM.Build.0 = Debug|Any CPU
		{DE5DBC46-8962-4027-8B4C-2B29B12893DE}.Debug|ARM.Deploy.0 = Debug|Any CPU
		{DE5DBC46-8962-4027-8B4C-2B29B12893DE}.Debug|iPhone.ActiveCfg = Debug|Any CPU
		{DE5DBC46-8962-4027-8B4C-2B29B12893DE}.Debug|iPhone.Build.0 = Debug|Any CPU
		{DE5DBC46-8962-4027-8B4C-2B29B12893DE}.Debug|iPhone.Deploy.0 = Debug|Any CPU
		{DE5DBC46-8962-4027-8B4C-2B29B12893DE}.Debug|iPhoneSimulator.ActiveCfg = Debug|Any CPU
		{DE5DBC46-8962-4027-8B4C-2B29B12893DE}.Debug|iPhoneSimulator.Build.0 = Debug|Any CPU
		{DE5DBC46-8962-4027-8B4C-2B29B12893DE}.Debug|iPhoneSimulator.Deploy.0 = Debug|Any CPU
		{DE5DBC46-8962-4027-8B4C-2B29B12893DE}.Debug|x64.ActiveCfg = Debug|Any CPU
		{DE5DBC46-8962-4027-8B4C-2B29B12893DE}.Debug|x64.Build.0 = Debug|Any CPU
		{DE5DBC46-8962-4027-8B4C-2B29B12893DE}.Debug|x64.Deploy.0 = Debug|Any CPU
		{DE5DBC46-8962-4027-8B4C-2B29B12893DE}.Debug|x86.ActiveCfg = Debug|Any CPU
		{DE5DBC46-8962-4027-8B4C-2B29B12893DE}.Debug|x86.Build.0 = Debug|Any CPU
		{DE5DBC46-8962-4027-8B4C-2B29B12893DE}.Debug|x86.Deploy.0 = Debug|Any CPU
		{DE5DBC46-8962-4027-8B4C-2B29B12893DE}.Release|Any CPU.ActiveCfg = Release|Any CPU
		{DE5DBC46-8962-4027-8B4C-2B29B12893DE}.Release|Any CPU.Build.0 = Release|Any CPU
		{DE5DBC46-8962-4027-8B4C-2B29B12893DE}.Release|Any CPU.Deploy.0 = Release|Any CPU
		{DE5DBC46-8962-4027-8B4C-2B29B12893DE}.Release|ARM.ActiveCfg = Release|Any CPU
		{DE5DBC46-8962-4027-8B4C-2B29B12893DE}.Release|ARM.Build.0 = Release|Any CPU
		{DE5DBC46-8962-4027-8B4C-2B29B12893DE}.Release|ARM.Deploy.0 = Release|Any CPU
		{DE5DBC46-8962-4027-8B4C-2B29B12893DE}.Release|iPhone.ActiveCfg = Release|Any CPU
		{DE5DBC46-8962-4027-8B4C-2B29B12893DE}.Release|iPhone.Build.0 = Release|Any CPU
		{DE5DBC46-8962-4027-8B4C-2B29B12893DE}.Release|iPhone.Deploy.0 = Release|Any CPU
		{DE5DBC46-8962-4027-8B4C-2B29B12893DE}.Release|iPhoneSimulator.ActiveCfg = Release|Any CPU
		{DE5DBC46-8962-4027-8B4C-2B29B12893DE}.Release|iPhoneSimulator.Build.0 = Release|Any CPU
		{DE5DBC46-8962-4027-8B4C-2B29B12893DE}.Release|iPhoneSimulator.Deploy.0 = Release|Any CPU
		{DE5DBC46-8962-4027-8B4C-2B29B12893DE}.Release|x64.ActiveCfg = Release|Any CPU
		{DE5DBC46-8962-4027-8B4C-2B29B12893DE}.Release|x64.Build.0 = Release|Any CPU
		{DE5DBC46-8962-4027-8B4C-2B29B12893DE}.Release|x64.Deploy.0 = Release|Any CPU
		{DE5DBC46-8962-4027-8B4C-2B29B12893DE}.Release|x86.ActiveCfg = Release|Any CPU
		{DE5DBC46-8962-4027-8B4C-2B29B12893DE}.Release|x86.Build.0 = Release|Any CPU
		{DE5DBC46-8962-4027-8B4C-2B29B12893DE}.Release|x86.Deploy.0 = Release|Any CPU
	EndGlobalSection
	GlobalSection(SolutionProperties) = preSolution
		HideSolutionNode = FALSE
	EndGlobalSection
	GlobalSection(ExtensibilityGlobals) = postSolution
		SolutionGuid = {76EF7AC8-F4EB-4F1B-BA3A-E665F66AB294}
	EndGlobalSection
EndGlobal
